{
    "_readme": [
        "This file locks the dependencies of your project to a known state",
        "Read more about it at https://getcomposer.org/doc/01-basic-usage.md#composer-lock-the-lock-file",
        "This file is @generated automatically"
    ],
    "content-hash": "ab20faa972c08591fda75b01899cabd5",
    "packages": [
        {
            "name": "shirtjs/php-proxy",
            "version": "dev-master",
            "source": {
                "type": "git",
                "url": "https://github.com/shirtjs/php-proxy.git",
                "reference": "b9c681e90316224c46de256761358f6b039ba8eb"
            },
            "dist": {
                "type": "zip",
                "url": "https://api.github.com/repos/shirtjs/php-proxy/zipball/b9c681e90316224c46de256761358f6b039ba8eb",
                "reference": "b9c681e90316224c46de256761358f6b039ba8eb",
                "shasum": ""
            },
            "require": {
                "ext-curl": "*"
            },
            "suggest": {
                "predis/predis": "For caching purposes"
            },
            "type": "library",
            "autoload": {
                "psr-4": {
                    "Proxy\\": "src/"
                },
                "files": [
                    "src/helpers.php"
                ]
            },
            "license": [
                "MIT"
            ],
            "homepage": "https://www.php-proxy.com/",
            "keywords": [
                "php proxy",
                "php proxy script",
                "php web proxy",
                "proxy script",
                "web proxy"
            ],
            "support": {
                "source": "https://github.com/shirtjs/php-proxy/tree/master"
            },
            "time": "2018-05-04T18:09:34+00:00"
        }
    ],
    "packages-dev": [],
    "aliases": [],
    "minimum-stability": "stable",
    "stability-flags": {
        "shirtjs/php-proxy": 20
    },
    "prefer-stable": false,
    "prefer-lowest": false,
    "platform": {
        "ext-mbstring": "^7.2",
        "ext-gd": "^7.2",
        "ext-sqlite3": "^7.2",
        "ext-imagick": "*"
    },
    "platform-dev": []
}
